
Microsoft Visual Studio Solution File, Format Version 12.00
Project("{FAE04EC0-301F-11D3-BF4B-00C04F79EFBC}") = "Asset.API", "Asset.API\Asset.API.csproj", "{EC4C0554-C614-4A57-88E1-5320D0D3FECF}"
EndProject
Project("{FAE04EC0-301F-11D3-BF4B-00C04F79EFBC}") = "Asset.API.UnitTests", "Asset.API.UnitTests\Asset.API.UnitTests.csproj", "{C9598537-3DAD-458E-AA79-08729FF61DC8}"
EndProject
Global
	GlobalSection(SolutionConfigurationPlatforms) = preSolution
		Debug|Any CPU = Debug|Any CPU
		Release|Any CPU = Release|Any CPU
	EndGlobalSection
	GlobalSection(ProjectConfigurationPlatforms) = postSolution
		{EC4C0554-C614-4A57-88E1-5320D0D3FECF}.Debug|Any CPU.ActiveCfg = Debug|Any CPU
		{EC4C0554-C614-4A57-88E1-5320D0D3FECF}.Debug|Any CPU.Build.0 = Debug|Any CPU
		{EC4C0554-C614-4A57-88E1-5320D0D3FECF}.Release|Any CPU.ActiveCfg = Release|Any CPU
		{EC4C0554-C614-4A57-88E1-5320D0D3FECF}.Release|Any CPU.Build.0 = Release|Any CPU
		{C9598537-3DAD-458E-AA79-08729FF61DC8}.Debug|Any CPU.ActiveCfg = Debug|Any CPU
		{C9598537-3DAD-458E-AA79-08729FF61DC8}.Debug|Any CPU.Build.0 = Debug|Any CPU
		{C9598537-3DAD-458E-AA79-08729FF61DC8}.Release|Any CPU.ActiveCfg = Release|Any CPU
		{C9598537-3DAD-458E-AA79-08729FF61DC8}.Release|Any CPU.Build.0 = Release|Any CPU
	EndGlobalSection
EndGlobal
